// !$*UTF8*$!
{
	archiveVersion = 1;
	classes = {
	};
	objectVersion = 46;
	objects = {

/* Begin PBXBuildFile section */
		344566081AE4883500EFB52E /* main.m in Sources */ = {isa = PBXBuildFile; fileRef = 344566071AE4883500EFB52E /* main.m */; };
		3445660B1AE4883500EFB52E /* AppDelegate.m in Sources */ = {isa = PBXBuildFile; fileRef = 3445660A1AE4883500EFB52E /* AppDelegate.m */; };
		3445660E1AE4883500EFB52E /* ViewController.m in Sources */ = {isa = PBXBuildFile; fileRef = 3445660D1AE4883500EFB52E /* ViewController.m */; };
		344566111AE4883500EFB52E /* Main.storyboard in Resources */ = {isa = PBXBuildFile; fileRef = 3445660F1AE4883500EFB52E /* Main.storyboard */; };
		344566131AE4883500EFB52E /* Images.xcassets in Resources */ = {isa = PBXBuildFile; fileRef = 344566121AE4883500EFB52E /* Images.xcassets */; };
		344566161AE4883500EFB52E /* LaunchScreen.xib in Resources */ = {isa = PBXBuildFile; fileRef = 344566141AE4883500EFB52E /* LaunchScreen.xib */; };
		344566221AE4883500EFB52E /* PucksterTests.m in Sources */ = {isa = PBXBuildFile; fileRef = 344566211AE4883500EFB52E /* PucksterTests.m */; };
		3445662E1AE4890800EFB52E /* LDTPuckView.m in Sources */ = {isa = PBXBuildFile; fileRef = 3445662D1AE4890800EFB52E /* LDTPuckView.m */; };
		344566321AE489E100EFB52E /* LDTPuckControl.m in Sources */ = {isa = PBXBuildFile; fileRef = 344566311AE489E100EFB52E /* LDTPuckControl.m */; };
		34D3947D1AEC27530036D557 /* LDTPuckContentView.m in Sources */ = {isa = PBXBuildFile; fileRef = 34D3947C1AEC27530036D557 /* LDTPuckContentView.m */; };
		34D394801AEC2C910036D557 /* UIView+LDTPuckAutoLayoutUtil.m in Sources */ = {isa = PBXBuildFile; fileRef = 34D3947F1AEC2C910036D557 /* UIView+LDTPuckAutoLayoutUtil.m */; };
/* End PBXBuildFile section */

/* Begin PBXContainerItemProxy section */
		3445661C1AE4883500EFB52E /* PBXContainerItemProxy */ = {
			isa = PBXContainerItemProxy;
			containerPortal = 344565FA1AE4883500EFB52E /* Project object */;
			proxyType = 1;
			remoteGlobalIDString = 344566011AE4883500EFB52E;
			remoteInfo = Puckster;
		};
/* End PBXContainerItemProxy section */

/* Begin PBXFileReference section */
		344566021AE4883500EFB52E /* Puckster.app */ = {isa = PBXFileReference; explicitFileType = wrapper.application; includeInIndex = 0; path = Puckster.app; sourceTree = BUILT_PRODUCTS_DIR; };
		344566061AE4883500EFB52E /* Info.plist */ = {isa = PBXFileReference; lastKnownFileType = text.plist.xml; path = Info.plist; sourceTree = "<group>"; };
		344566071AE4883500EFB52E /* main.m */ = {isa = PBXFileReference; lastKnownFileType = sourcecode.c.objc; path = main.m; sourceTree = "<group>"; };
		344566091AE4883500EFB52E /* AppDelegate.h */ = {isa = PBXFileReference; lastKnownFileType = sourcecode.c.h; path = AppDelegate.h; sourceTree = "<group>"; };
		3445660A1AE4883500EFB52E /* AppDelegate.m */ = {isa = PBXFileReference; lastKnownFileType = sourcecode.c.objc; path = AppDelegate.m; sourceTree = "<group>"; };
		3445660C1AE4883500EFB52E /* ViewController.h */ = {isa = PBXFileReference; lastKnownFileType = sourcecode.c.h; path = ViewController.h; sourceTree = "<group>"; };
		3445660D1AE4883500EFB52E /* ViewController.m */ = {isa = PBXFileReference; lastKnownFileType = sourcecode.c.objc; path = ViewController.m; sourceTree = "<group>"; };
		344566101AE4883500EFB52E /* Base */ = {isa = PBXFileReference; lastKnownFileType = file.storyboard; name = Base; path = Base.lproj/Main.storyboard; sourceTree = "<group>"; };
		344566121AE4883500EFB52E /* Images.xcassets */ = {isa = PBXFileReference; lastKnownFileType = folder.assetcatalog; path = Images.xcassets; sourceTree = "<group>"; };
		344566151AE4883500EFB52E /* Base */ = {isa = PBXFileReference; lastKnownFileType = file.xib; name = Base; path = Base.lproj/LaunchScreen.xib; sourceTree = "<group>"; };
		3445661B1AE4883500EFB52E /* PucksterTests.xctest */ = {isa = PBXFileReference; explicitFileType = wrapper.cfbundle; includeInIndex = 0; path = PucksterTests.xctest; sourceTree = BUILT_PRODUCTS_DIR; };
		344566201AE4883500EFB52E /* Info.plist */ = {isa = PBXFileReference; lastKnownFileType = text.plist.xml; path = Info.plist; sourceTree = "<group>"; };
		344566211AE4883500EFB52E /* PucksterTests.m */ = {isa = PBXFileReference; lastKnownFileType = sourcecode.c.objc; path = PucksterTests.m; sourceTree = "<group>"; };
		3445662C1AE4890800EFB52E /* LDTPuckView.h */ = {isa = PBXFileReference; fileEncoding = 4; lastKnownFileType = sourcecode.c.h; name = LDTPuckView.h; path = Views/LDTPuckView.h; sourceTree = "<group>"; };
		3445662D1AE4890800EFB52E /* LDTPuckView.m */ = {isa = PBXFileReference; fileEncoding = 4; lastKnownFileType = sourcecode.c.objc; name = LDTPuckView.m; path = Views/LDTPuckView.m; sourceTree = "<group>"; };
		3445662F1AE4897400EFB52E /* LDTPuckViewDelegate.h */ = {isa = PBXFileReference; fileEncoding = 4; lastKnownFileType = sourcecode.c.h; name = LDTPuckViewDelegate.h; path = Classes/Puck/LDTPuckViewDelegate.h; sourceTree = "<group>"; };
		344566301AE489E100EFB52E /* LDTPuckControl.h */ = {isa = PBXFileReference; fileEncoding = 4; lastKnownFileType = sourcecode.c.h; name = LDTPuckControl.h; path = Classes/Puck/LDTPuckControl.h; sourceTree = "<group>"; };
		344566311AE489E100EFB52E /* LDTPuckControl.m */ = {isa = PBXFileReference; fileEncoding = 4; lastKnownFileType = sourcecode.c.objc; name = LDTPuckControl.m; path = Classes/Puck/LDTPuckControl.m; sourceTree = "<group>"; };
		34D3947B1AEC27530036D557 /* LDTPuckContentView.h */ = {isa = PBXFileReference; fileEncoding = 4; lastKnownFileType = sourcecode.c.h; name = LDTPuckContentView.h; path = Classes/Puck/LDTPuckContentView.h; sourceTree = "<group>"; };
		34D3947C1AEC27530036D557 /* LDTPuckContentView.m */ = {isa = PBXFileReference; fileEncoding = 4; lastKnownFileType = sourcecode.c.objc; name = LDTPuckContentView.m; path = Classes/Puck/LDTPuckContentView.m; sourceTree = "<group>"; };
		34D3947E1AEC2C910036D557 /* UIView+LDTPuckAutoLayoutUtil.h */ = {isa = PBXFileReference; fileEncoding = 4; lastKnownFileType = sourcecode.c.h; name = "UIView+LDTPuckAutoLayoutUtil.h"; path = "Classes/Categories/UIView+LDTPuckAutoLayoutUtil.h"; sourceTree = "<group>"; };
		34D3947F1AEC2C910036D557 /* UIView+LDTPuckAutoLayoutUtil.m */ = {isa = PBXFileReference; fileEncoding = 4; lastKnownFileType = sourcecode.c.objc; name = "UIView+LDTPuckAutoLayoutUtil.m"; path = "Classes/Categories/UIView+LDTPuckAutoLayoutUtil.m"; sourceTree = "<group>"; };
/* End PBXFileReference section */

/* Begin PBXFrameworksBuildPhase section */
		344565FF1AE4883500EFB52E /* Frameworks */ = {
			isa = PBXFrameworksBuildPhase;
			buildActionMask = 2147483647;
			files = (
			);
			runOnlyForDeploymentPostprocessing = 0;
		};
		344566181AE4883500EFB52E /* Frameworks */ = {
			isa = PBXFrameworksBuildPhase;
			buildActionMask = 2147483647;
			files = (
			);
			runOnlyForDeploymentPostprocessing = 0;
		};
/* End PBXFrameworksBuildPhase section */

/* Begin PBXGroup section */
		344565F91AE4883500EFB52E = {
			isa = PBXGroup;
			children = (
				344566041AE4883500EFB52E /* Puckster */,
				3445661E1AE4883500EFB52E /* PucksterTests */,
				344566031AE4883500EFB52E /* Products */,
			);
			sourceTree = "<group>";
		};
		344566031AE4883500EFB52E /* Products */ = {
			isa = PBXGroup;
			children = (
				344566021AE4883500EFB52E /* Puckster.app */,
				3445661B1AE4883500EFB52E /* PucksterTests.xctest */,
			);
			name = Products;
			sourceTree = "<group>";
		};
		344566041AE4883500EFB52E /* Puckster */ = {
			isa = PBXGroup;
			children = (
				3445662B1AE488EC00EFB52E /* Puck */,
				344566091AE4883500EFB52E /* AppDelegate.h */,
				3445660A1AE4883500EFB52E /* AppDelegate.m */,
				3445660C1AE4883500EFB52E /* ViewController.h */,
				3445660D1AE4883500EFB52E /* ViewController.m */,
				3445660F1AE4883500EFB52E /* Main.storyboard */,
				344566121AE4883500EFB52E /* Images.xcassets */,
				344566141AE4883500EFB52E /* LaunchScreen.xib */,
				344566051AE4883500EFB52E /* Supporting Files */,
			);
			path = Puckster;
			sourceTree = "<group>";
		};
		344566051AE4883500EFB52E /* Supporting Files */ = {
			isa = PBXGroup;
			children = (
				344566061AE4883500EFB52E /* Info.plist */,
				344566071AE4883500EFB52E /* main.m */,
			);
			name = "Supporting Files";
			sourceTree = "<group>";
		};
		3445661E1AE4883500EFB52E /* PucksterTests */ = {
			isa = PBXGroup;
			children = (
				344566211AE4883500EFB52E /* PucksterTests.m */,
				3445661F1AE4883500EFB52E /* Supporting Files */,
			);
			path = PucksterTests;
			sourceTree = "<group>";
		};
		3445661F1AE4883500EFB52E /* Supporting Files */ = {
			isa = PBXGroup;
			children = (
				344566201AE4883500EFB52E /* Info.plist */,
			);
			name = "Supporting Files";
			sourceTree = "<group>";
		};
		3445662B1AE488EC00EFB52E /* Puck */ = {
			isa = PBXGroup;
			children = (
				3445662C1AE4890800EFB52E /* LDTPuckView.h */,
				3445662D1AE4890800EFB52E /* LDTPuckView.m */,
				3445662F1AE4897400EFB52E /* LDTPuckViewDelegate.h */,
				344566301AE489E100EFB52E /* LDTPuckControl.h */,
				344566311AE489E100EFB52E /* LDTPuckControl.m */,
				34D394811AEC2EAA0036D557 /* PuckClassesAndViews */,
				34D394821AEC30B60036D557 /* Helpers */,
			);
			name = Puck;
			sourceTree = "<group>";
		};
		34D394821AEC30B60036D557 /* Helpers */ = {
			isa = PBXGroup;
			children = (
				34D3947E1AEC2C910036D557 /* UIView+LDTPuckAutoLayoutUtil.h */,
				34D3947F1AEC2C910036D557 /* UIView+LDTPuckAutoLayoutUtil.m */,
			);
			name = Helpers;
			sourceTree = "<group>";
		};
/* End PBXGroup section */

/* Begin PBXNativeTarget section */
		344566011AE4883500EFB52E /* Puckster */ = {
			isa = PBXNativeTarget;
			buildConfigurationList = 344566251AE4883500EFB52E /* Build configuration list for PBXNativeTarget "Puckster" */;
			buildPhases = (
				344565FE1AE4883500EFB52E /* Sources */,
				344565FF1AE4883500EFB52E /* Frameworks */,
				344566001AE4883500EFB52E /* Resources */,
			);
			buildRules = (
			);
			dependencies = (
			);
			name = Puckster;
			productName = Puckster;
			productReference = 344566021AE4883500EFB52E /* Puckster.app */;
			productType = "com.apple.product-type.application";
		};
		3445661A1AE4883500EFB52E /* PucksterTests */ = {
			isa = PBXNativeTarget;
			buildConfigurationList = 344566281AE4883500EFB52E /* Build configuration list for PBXNativeTarget "PucksterTests" */;
			buildPhases = (
				344566171AE4883500EFB52E /* Sources */,
				344566181AE4883500EFB52E /* Frameworks */,
				344566191AE4883500EFB52E /* Resources */,
			);
			buildRules = (
			);
			dependencies = (
				3445661D1AE4883500EFB52E /* PBXTargetDependency */,
			);
			name = PucksterTests;
			productName = PucksterTests;
			productReference = 3445661B1AE4883500EFB52E /* PucksterTests.xctest */;
			productType = "com.apple.product-type.bundle.unit-test";
		};
/* End PBXNativeTarget section */

/* Begin PBXProject section */
		344565FA1AE4883500EFB52E /* Project object */ = {
			isa = PBXProject;
			attributes = {
				LastUpgradeCheck = 0630;
				ORGANIZATIONNAME = "Lottadot LLC";
				TargetAttributes = {
					344566011AE4883500EFB52E = {
						CreatedOnToolsVersion = 6.3;
					};
					3445661A1AE4883500EFB52E = {
						CreatedOnToolsVersion = 6.3;
						TestTargetID = 344566011AE4883500EFB52E;
					};
				};
			};
			buildConfigurationList = 344565FD1AE4883500EFB52E /* Build configuration list for PBXProject "Puckster" */;
			compatibilityVersion = "Xcode 3.2";
			developmentRegion = English;
			hasScannedForEncodings = 0;
			knownRegions = (
				en,
				Base,
			);
			mainGroup = 344565F91AE4883500EFB52E;
			productRefGroup = 344566031AE4883500EFB52E /* Products */;
			projectDirPath = "";
			projectRoot = "";
			targets = (
				344566011AE4883500EFB52E /* Puckster */,
				3445661A1AE4883500EFB52E /* PucksterTests */,
			);
		};
/* End PBXProject section */

/* Begin PBXResourcesBuildPhase section */
		344566001AE4883500EFB52E /* Resources */ = {
			isa = PBXResourcesBuildPhase;
			buildActionMask = 2147483647;
			files = (
				344566111AE4883500EFB52E /* Main.storyboard in Resources */,
				344566161AE4883500EFB52E /* LaunchScreen.xib in Resources */,
				344566131AE4883500EFB52E /* Images.xcassets in Resources */,
			);
			runOnlyForDeploymentPostprocessing = 0;
		};
		344566191AE4883500EFB52E /* Resources */ = {
			isa = PBXResourcesBuildPhase;
			buildActionMask = 2147483647;
			files = (
			);
			runOnlyForDeploymentPostprocessing = 0;
		};
/* End PBXResourcesBuildPhase section */

/* Begin PBXSourcesBuildPhase section */
		344565FE1AE4883500EFB52E /* Sources */ = {
			isa = PBXSourcesBuildPhase;
			buildActionMask = 2147483647;
			files = (
				34D3947D1AEC27530036D557 /* LDTPuckContentView.m in Sources */,
				34D394801AEC2C910036D557 /* UIView+LDTPuckAutoLayoutUtil.m in Sources */,
				3445660E1AE4883500EFB52E /* ViewController.m in Sources */,
				344566321AE489E100EFB52E /* LDTPuckControl.m in Sources */,
				3445660B1AE4883500EFB52E /* AppDelegate.m in Sources */,
				3445662E1AE4890800EFB52E /* LDTPuckView.m in Sources */,
				344566081AE4883500EFB52E /* main.m in Sources */,
			);
			runOnlyForDeploymentPostprocessing = 0;
		};
		344566171AE4883500EFB52E /* Sources */ = {
			isa = PBXSourcesBuildPhase;
			buildActionMask = 2147483647;
			files = (
				344566221AE4883500EFB52E /* PucksterTests.m in Sources */,
			);
			runOnlyForDeploymentPostprocessing = 0;
		};
/* End PBXSourcesBuildPhase section */

/* Begin PBXTargetDependency section */
		3445661D1AE4883500EFB52E /* PBXTargetDependency */ = {
			isa = PBXTargetDependency;
			target = 344566011AE4883500EFB52E /* Puckster */;
			targetProxy = 3445661C1AE4883500EFB52E /* PBXContainerItemProxy */;
		};
/* End PBXTargetDependency section */

/* Begin PBXVariantGroup section */
		3445660F1AE4883500EFB52E /* Main.storyboard */ = {
			isa = PBXVariantGroup;
			children = (
				344566101AE4883500EFB52E /* Base */,
			);
			name = Main.storyboard;
			sourceTree = "<group>";
		};
		344566141AE4883500EFB52E /* LaunchScreen.xib */ = {
			isa = PBXVariantGroup;
			children = (
				344566151AE4883500EFB52E /* Base */,
			);
			name = LaunchScreen.xib;
			sourceTree = "<group>";
		};
/* End PBXVariantGroup section */

/* Begin XCBuildConfiguration section */
		344566231AE4883500EFB52E /* Debug */ = {
			isa = XCBuildConfiguration;
			buildSettings = {
				ALWAYS_SEARCH_USER_PATHS = NO;
				CLANG_CXX_LANGUAGE_STANDARD = "gnu++0x";
				CLANG_CXX_LIBRARY = "libc++";
				CLANG_ENABLE_MODULES = YES;
				CLANG_ENABLE_OBJC_ARC = YES;
				CLANG_WARN_BOOL_CONVERSION = YES;
				CLANG_WARN_CONSTANT_CONVERSION = YES;
				CLANG_WARN_DIRECT_OBJC_ISA_USAGE = YES_ERROR;
				CLANG_WARN_EMPTY_BODY = YES;
				CLANG_WARN_ENUM_CONVERSION = YES;
				CLANG_WARN_INT_CONVERSION = YES;
				CLANG_WARN_OBJC_ROOT_CLASS = YES_ERROR;
				CLANG_WARN_UNREACHABLE_CODE = YES;
				CLANG_WARN__DUPLICATE_METHOD_MATCH = YES;
				"CODE_SIGN_IDENTITY[sdk=iphoneos*]" = "iPhone Developer";
				COPY_PHASE_STRIP = NO;
				DEBUG_INFORMATION_FORMAT = "dwarf-with-dsym";
				ENABLE_STRICT_OBJC_MSGSEND = YES;
				GCC_C_LANGUAGE_STANDARD = gnu99;
				GCC_DYNAMIC_NO_PIC = NO;
				GCC_NO_COMMON_BLOCKS = YES;
				GCC_OPTIMIZATION_LEVEL = 0;
				GCC_PREPROCESSOR_DEFINITIONS = (
					"DEBUG=1",
					"$(inherited)",
				);
				GCC_SYMBOLS_PRIVATE_EXTERN = NO;
				GCC_WARN_64_TO_32_BIT_CONVERSION = YES;
				GCC_WARN_ABOUT_RETURN_TYPE = YES_ERROR;
				GCC_WARN_UNDECLARED_SELECTOR = YES;
				GCC_WARN_UNINITIALIZED_AUTOS = YES_AGGRESSIVE;
				GCC_WARN_UNUSED_FUNCTION = YES;
				GCC_WARN_UNUSED_VARIABLE = YES;
				IPHONEOS_DEPLOYMENT_TARGET = 8.3;
				MTL_ENABLE_DEBUG_INFO = YES;
				ONLY_ACTIVE_ARCH = YES;
				SDKROOT = iphoneos;
			};
			name = Debug;
		};
		344566241AE4883500EFB52E /* Release */ = {
			isa = XCBuildConfiguration;
			buildSettings = {
				ALWAYS_SEARCH_USER_PATHS = NO;
				CLANG_CXX_LANGUAGE_STANDARD = "gnu++0x";
				CLANG_CXX_LIBRARY = "libc++";
				CLANG_ENABLE_MODULES = YES;
				CLANG_ENABLE_OBJC_ARC = YES;
				CLANG_WARN_BOOL_CONVERSION = YES;
				CLANG_WARN_CONSTANT_CONVERSION = YES;
				CLANG_WARN_DIRECT_OBJC_ISA_USAGE = YES_ERROR;
				CLANG_WARN_EMPTY_BODY = YES;
				CLANG_WARN_ENUM_CONVERSION = YES;
				CLANG_WARN_INT_CONVERSION = YES;
				CLANG_WARN_OBJC_ROOT_CLASS = YES_ERROR;
				CLANG_WARN_UNREACHABLE_CODE = YES;
				CLANG_WARN__DUPLICATE_METHOD_MATCH = YES;
				"CODE_SIGN_IDENTITY[sdk=iphoneos*]" = "iPhone Developer";
				COPY_PHASE_STRIP = NO;
				DEBUG_INFORMATION_FORMAT = "dwarf-with-dsym";
				ENABLE_NS_ASSERTIONS = NO;
				ENABLE_STRICT_OBJC_MSGSEND = YES;
				GCC_C_LANGUAGE_STANDARD = gnu99;
				GCC_NO_COMMON_BLOCKS = YES;
				GCC_WARN_64_TO_32_BIT_CONVERSION = YES;
				GCC_WARN_ABOUT_RETURN_TYPE = YES_ERROR;
				GCC_WARN_UNDECLARED_SELECTOR = YES;
				GCC_WARN_UNINITIALIZED_AUTOS = YES_AGGRESSIVE;
				GCC_WARN_UNUSED_FUNCTION = YES;
				GCC_WARN_UNUSED_VARIABLE = YES;
				IPHONEOS_DEPLOYMENT_TARGET = 8.3;
				MTL_ENABLE_DEBUG_INFO = NO;
				SDKROOT = iphoneos;
				VALIDATE_PRODUCT = YES;
			};
			name = Release;
		};
		344566261AE4883500EFB52E /* Debug */ = {
			isa = XCBuildConfiguration;
			buildSettings = {
				ASSETCATALOG_COMPILER_APPICON_NAME = AppIcon;
				INFOPLIST_FILE = Puckster/Info.plist;
				LD_RUNPATH_SEARCH_PATHS = "$(inherited) @executable_path/Frameworks";
				PRODUCT_NAME = "$(TARGET_NAME)";
			};
			name = Debug;
		};
		344566271AE4883500EFB52E /* Release */ = {
			isa = XCBuildConfiguration;
			buildSettings = {
				ASSETCATALOG_COMPILER_APPICON_NAME = AppIcon;
				INFOPLIST_FILE = Puckster/Info.plist;
				LD_RUNPATH_SEARCH_PATHS = "$(inherited) @executable_path/Frameworks";
				PRODUCT_NAME = "$(TARGET_NAME)";
			};
			name = Release;
		};
		344566291AE4883500EFB52E /* Debug */ = {
			isa = XCBuildConfiguration;
			buildSettings = {
				BUNDLE_LOADER = "$(TEST_HOST)";
				FRAMEWORK_SEARCH_PATHS = (
					"$(SDKROOT)/Developer/Library/Frameworks",
					"$(inherited)",
				);
				GCC_PREPROCESSOR_DEFINITIONS = (
					"DEBUG=1",
					"$(inherited)",
				);
				INFOPLIST_FILE = PucksterTests/Info.plist;
				LD_RUNPATH_SEARCH_PATHS = "$(inherited) @executable_path/Frameworks @loader_path/Frameworks";
				PRODUCT_NAME = "$(TARGET_NAME)";
				TEST_HOST = "$(BUILT_PRODUCTS_DIR)/Puckster.app/Puckster";
			};
			name = Debug;
		};
		3445662A1AE4883500EFB52E /* Release */ = {
			isa = XCBuildConfiguration;
			buildSettings = {
				BUNDLE_LOADER = "$(TEST_HOST)";
				FRAMEWORK_SEARCH_PATHS = (
					"$(SDKROOT)/Developer/Library/Frameworks",
					"$(inherited)",
				);
				INFOPLIST_FILE = PucksterTests/Info.plist;
				LD_RUNPATH_SEARCH_PATHS = "$(inherited) @executable_path/Frameworks @loader_path/Frameworks";
				PRODUCT_NAME = "$(TARGET_NAME)";
				TEST_HOST = "$(BUILT_PRODUCTS_DIR)/Puckster.app/Puckster";
			};
			name = Release;
		};
/* End XCBuildConfiguration section */

/* Begin XCConfigurationList section */
		344565FD1AE4883500EFB52E /* Build configuration list for PBXProject "Puckster" */ = {
			isa = XCConfigurationList;
			buildConfigurations = (
				344566231AE4883500EFB52E /* Debug */,
				344566241AE4883500EFB52E /* Release */,
			);
			defaultConfigurationIsVisible = 0;
			defaultConfigurationName = Release;
		};
		344566251AE4883500EFB52E /* Build configuration list for PBXNativeTarget "Puckster" */ = {
			isa = XCConfigurationList;
			buildConfigurations = (
				344566261AE4883500EFB52E /* Debug */,
				344566271AE4883500EFB52E /* Release */,
			);
			defaultConfigurationIsVisible = 0;
		};
		344566281AE4883500EFB52E /* Build configuration list for PBXNativeTarget "PucksterTests" */ = {
			isa = XCConfigurationList;
			buildConfigurations = (
				344566291AE4883500EFB52E /* Debug */,
				3445662A1AE4883500EFB52E /* Release */,
			);
			defaultConfigurationIsVisible = 0;
		};
/* End XCConfigurationList section */
	};
	rootObject = 344565FA1AE4883500EFB52E /* Project object */;
}
